// !$*UTF8*$!
{
	archiveVersion = 1;
	classes = {
	};
	objectVersion = 46;
	objects = {

/* Begin PBXBuildFile section */
		A23DCC601A91C760006F34D2 /* AppDelegate.swift in Sources */ = {isa = PBXBuildFile; fileRef = A23DCC5F1A91C760006F34D2 /* AppDelegate.swift */; };
		A23DCC651A91C760006F34D2 /* Main.storyboard in Resources */ = {isa = PBXBuildFile; fileRef = A23DCC631A91C760006F34D2 /* Main.storyboard */; };
		A23DCC671A91C760006F34D2 /* Images.xcassets in Resources */ = {isa = PBXBuildFile; fileRef = A23DCC661A91C760006F34D2 /* Images.xcassets */; };
		A23DCC6A1A91C760006F34D2 /* LaunchScreen.xib in Resources */ = {isa = PBXBuildFile; fileRef = A23DCC681A91C760006F34D2 /* LaunchScreen.xib */; };
		A23DCC761A91C760006F34D2 /* HappyFace3Tests.swift in Sources */ = {isa = PBXBuildFile; fileRef = A23DCC751A91C760006F34D2 /* HappyFace3Tests.swift */; };
		A23DCC801A91C838006F34D2 /* HappyFaceViewController.swift in Sources */ = {isa = PBXBuildFile; fileRef = A23DCC7F1A91C838006F34D2 /* HappyFaceViewController.swift */; };
		A23DCC821A91CF5F006F34D2 /* FaceView.swift in Sources */ = {isa = PBXBuildFile; fileRef = A23DCC811A91CF5F006F34D2 /* FaceView.swift */; };
/* End PBXBuildFile section */

/* Begin PBXContainerItemProxy section */
		A23DCC701A91C760006F34D2 /* PBXContainerItemProxy */ = {
			isa = PBXContainerItemProxy;
			containerPortal = A23DCC521A91C760006F34D2 /* Project object */;
			proxyType = 1;
			remoteGlobalIDString = A23DCC591A91C760006F34D2;
			remoteInfo = HappyFace3;
		};
/* End PBXContainerItemProxy section */

/* Begin PBXFileReference section */
		A23DCC5A1A91C760006F34D2 /* HappyFace3.app */ = {isa = PBXFileReference; explicitFileType = wrapper.application; includeInIndex = 0; path = HappyFace3.app; sourceTree = BUILT_PRODUCTS_DIR; };
		A23DCC5E1A91C760006F34D2 /* Info.plist */ = {isa = PBXFileReference; lastKnownFileType = text.plist.xml; path = Info.plist; sourceTree = "<group>"; };
		A23DCC5F1A91C760006F34D2 /* AppDelegate.swift */ = {isa = PBXFileReference; lastKnownFileType = sourcecode.swift; path = AppDelegate.swift; sourceTree = "<group>"; };
		A23DCC641A91C760006F34D2 /* Base */ = {isa = PBXFileReference; lastKnownFileType = file.storyboard; name = Base; path = Base.lproj/Main.storyboard; sourceTree = "<group>"; };
		A23DCC661A91C760006F34D2 /* Images.xcassets */ = {isa = PBXFileReference; lastKnownFileType = folder.assetcatalog; path = Images.xcassets; sourceTree = "<group>"; };
		A23DCC691A91C760006F34D2 /* Base */ = {isa = PBXFileReference; lastKnownFileType = file.xib; name = Base; path = Base.lproj/LaunchScreen.xib; sourceTree = "<group>"; };
		A23DCC6F1A91C760006F34D2 /* HappyFace3Tests.xctest */ = {isa = PBXFileReference; explicitFileType = wrapper.cfbundle; includeInIndex = 0; path = HappyFace3Tests.xctest; sourceTree = BUILT_PRODUCTS_DIR; };
		A23DCC741A91C760006F34D2 /* Info.plist */ = {isa = PBXFileReference; lastKnownFileType = text.plist.xml; path = Info.plist; sourceTree = "<group>"; };
		A23DCC751A91C760006F34D2 /* HappyFace3Tests.swift */ = {isa = PBXFileReference; lastKnownFileType = sourcecode.swift; path = HappyFace3Tests.swift; sourceTree = "<group>"; };
		A23DCC7F1A91C838006F34D2 /* HappyFaceViewController.swift */ = {isa = PBXFileReference; fileEncoding = 4; lastKnownFileType = sourcecode.swift; name = HappyFaceViewController.swift; path = ../HappyFaceViewController.swift; sourceTree = "<group>"; };
		A23DCC811A91CF5F006F34D2 /* FaceView.swift */ = {isa = PBXFileReference; fileEncoding = 4; lastKnownFileType = sourcecode.swift; path = FaceView.swift; sourceTree = "<group>"; };
/* End PBXFileReference section */

/* Begin PBXFrameworksBuildPhase section */
		A23DCC571A91C760006F34D2 /* Frameworks */ = {
			isa = PBXFrameworksBuildPhase;
			buildActionMask = 2147483647;
			files = (
			);
			runOnlyForDeploymentPostprocessing = 0;
		};
		A23DCC6C1A91C760006F34D2 /* Frameworks */ = {
			isa = PBXFrameworksBuildPhase;
			buildActionMask = 2147483647;
			files = (
			);
			runOnlyForDeploymentPostprocessing = 0;
		};
/* End PBXFrameworksBuildPhase section */

/* Begin PBXGroup section */
		A23DCC511A91C760006F34D2 = {
			isa = PBXGroup;
			children = (
				A23DCC5C1A91C760006F34D2 /* HappyFace3 */,
				A23DCC721A91C760006F34D2 /* HappyFace3Tests */,
				A23DCC5B1A91C760006F34D2 /* Products */,
			);
			sourceTree = "<group>";
		};
		A23DCC5B1A91C760006F34D2 /* Products */ = {
			isa = PBXGroup;
			children = (
				A23DCC5A1A91C760006F34D2 /* HappyFace3.app */,
				A23DCC6F1A91C760006F34D2 /* HappyFace3Tests.xctest */,
			);
			name = Products;
			sourceTree = "<group>";
		};
		A23DCC5C1A91C760006F34D2 /* HappyFace3 */ = {
			isa = PBXGroup;
			children = (
				A23DCC7F1A91C838006F34D2 /* HappyFaceViewController.swift */,
				A23DCC631A91C760006F34D2 /* Main.storyboard */,
				A23DCC811A91CF5F006F34D2 /* FaceView.swift */,
				A23DCC661A91C760006F34D2 /* Images.xcassets */,
				A23DCC5D1A91C760006F34D2 /* Supporting Files */,
			);
			path = HappyFace3;
			sourceTree = "<group>";
		};
		A23DCC5D1A91C760006F34D2 /* Supporting Files */ = {
			isa = PBXGroup;
			children = (
				A23DCC681A91C760006F34D2 /* LaunchScreen.xib */,
				A23DCC5F1A91C760006F34D2 /* AppDelegate.swift */,
				A23DCC5E1A91C760006F34D2 /* Info.plist */,
			);
			name = "Supporting Files";
			sourceTree = "<group>";
		};
		A23DCC721A91C760006F34D2 /* HappyFace3Tests */ = {
			isa = PBXGroup;
			children = (
				A23DCC751A91C760006F34D2 /* HappyFace3Tests.swift */,
				A23DCC731A91C760006F34D2 /* Supporting Files */,
			);
			path = HappyFace3Tests;
			sourceTree = "<group>";
		};
		A23DCC731A91C760006F34D2 /* Supporting Files */ = {
			isa = PBXGroup;
			children = (
				A23DCC741A91C760006F34D2 /* Info.plist */,
			);
			name = "Supporting Files";
			sourceTree = "<group>";
		};
/* End PBXGroup section */

/* Begin PBXNativeTarget section */
		A23DCC591A91C760006F34D2 /* HappyFace3 */ = {
			isa = PBXNativeTarget;
			buildConfigurationList = A23DCC791A91C760006F34D2 /* Build configuration list for PBXNativeTarget "HappyFace3" */;
			buildPhases = (
				A23DCC561A91C760006F34D2 /* Sources */,
				A23DCC571A91C760006F34D2 /* Frameworks */,
				A23DCC581A91C760006F34D2 /* Resources */,
			);
			buildRules = (
			);
			dependencies = (
			);
			name = HappyFace3;
			productName = HappyFace3;
			productReference = A23DCC5A1A91C760006F34D2 /* HappyFace3.app */;
			productType = "com.apple.product-type.application";
		};
		A23DCC6E1A91C760006F34D2 /* HappyFace3Tests */ = {
			isa = PBXNativeTarget;
			buildConfigurationList = A23DCC7C1A91C760006F34D2 /* Build configuration list for PBXNativeTarget "HappyFace3Tests" */;
			buildPhases = (
				A23DCC6B1A91C760006F34D2 /* Sources */,
				A23DCC6C1A91C760006F34D2 /* Frameworks */,
				A23DCC6D1A91C760006F34D2 /* Resources */,
			);
			buildRules = (
			);
			dependencies = (
				A23DCC711A91C760006F34D2 /* PBXTargetDependency */,
			);
			name = HappyFace3Tests;
			productName = HappyFace3Tests;
			productReference = A23DCC6F1A91C760006F34D2 /* HappyFace3Tests.xctest */;
			productType = "com.apple.product-type.bundle.unit-test";
		};
/* End PBXNativeTarget section */

/* Begin PBXProject section */
		A23DCC521A91C760006F34D2 /* Project object */ = {
			isa = PBXProject;
			attributes = {
				LastUpgradeCheck = 0630;
				ORGANIZATIONNAME = "VSP inc";
				TargetAttributes = {
					A23DCC591A91C760006F34D2 = {
						CreatedOnToolsVersion = 6.3;
					};
					A23DCC6E1A91C760006F34D2 = {
						CreatedOnToolsVersion = 6.3;
						TestTargetID = A23DCC591A91C760006F34D2;
					};
				};
			};
			buildConfigurationList = A23DCC551A91C760006F34D2 /* Build configuration list for PBXProject "HappyFace3" */;
			compatibilityVersion = "Xcode 3.2";
			developmentRegion = English;
			hasScannedForEncodings = 0;
			knownRegions = (
				en,
				Base,
			);
			mainGroup = A23DCC511A91C760006F34D2;
			productRefGroup = A23DCC5B1A91C760006F34D2 /* Products */;
			projectDirPath = "";
			projectRoot = "";
			targets = (
				A23DCC591A91C760006F34D2 /* HappyFace3 */,
				A23DCC6E1A91C760006F34D2 /* HappyFace3Tests */,
			);
		};
/* End PBXProject section */

/* Begin PBXResourcesBuildPhase section */
		A23DCC581A91C760006F34D2 /* Resources */ = {
			isa = PBXResourcesBuildPhase;
			buildActionMask = 2147483647;
			files = (
				A23DCC651A91C760006F34D2 /* Main.storyboard in Resources */,
				A23DCC6A1A91C760006F34D2 /* LaunchScreen.xib in Resources */,
				A23DCC671A91C760006F34D2 /* Images.xcassets in Resources */,
			);
			runOnlyForDeploymentPostprocessing = 0;
		};
		A23DCC6D1A91C760006F34D2 /* Resources */ = {
			isa = PBXResourcesBuildPhase;
			buildActionMask = 2147483647;
			files = (
			);
			runOnlyForDeploymentPostprocessing = 0;
		};
/* End PBXResourcesBuildPhase section */

/* Begin PBXSourcesBuildPhase section */
		A23DCC561A91C760006F34D2 /* Sources */ = {
			isa = PBXSourcesBuildPhase;
			buildActionMask = 2147483647;
			files = (
				A23DCC801A91C838006F34D2 /* HappyFaceViewController.swift in Sources */,
				A23DCC601A91C760006F34D2 /* AppDelegate.swift in Sources */,
				A23DCC821A91CF5F006F34D2 /* FaceView.swift in Sources */,
			);
			runOnlyForDeploymentPostprocessing = 0;
		};
		A23DCC6B1A91C760006F34D2 /* Sources */ = {
			isa = PBXSourcesBuildPhase;
			buildActionMask = 2147483647;
			files = (
				A23DCC761A91C760006F34D2 /* HappyFace3Tests.swift in Sources */,
			);
			runOnlyForDeploymentPostprocessing = 0;
		};
/* End PBXSourcesBuildPhase section */

/* Begin PBXTargetDependency section */
		A23DCC711A91C760006F34D2 /* PBXTargetDependency */ = {
			isa = PBXTargetDependency;
			target = A23DCC591A91C760006F34D2 /* HappyFace3 */;
			targetProxy = A23DCC701A91C760006F34D2 /* PBXContainerItemProxy */;
		};
/* End PBXTargetDependency section */

/* Begin PBXVariantGroup section */
		A23DCC631A91C760006F34D2 /* Main.storyboard */ = {
			isa = PBXVariantGroup;
			children = (
				A23DCC641A91C760006F34D2 /* Base */,
			);
			name = Main.storyboard;
			sourceTree = "<group>";
		};
		A23DCC681A91C760006F34D2 /* LaunchScreen.xib */ = {
			isa = PBXVariantGroup;
			children = (
				A23DCC691A91C760006F34D2 /* Base */,
			);
			name = LaunchScreen.xib;
			sourceTree = "<group>";
		};
/* End PBXVariantGroup section */

/* Begin XCBuildConfiguration section */
		A23DCC771A91C760006F34D2 /* Debug */ = {
			isa = XCBuildConfiguration;
			buildSettings = {
				ALWAYS_SEARCH_USER_PATHS = NO;
				CLANG_CXX_LANGUAGE_STANDARD = "gnu++0x";
				CLANG_CXX_LIBRARY = "libc++";
				CLANG_ENABLE_MODULES = YES;
				CLANG_ENABLE_OBJC_ARC = YES;
				CLANG_WARN_BOOL_CONVERSION = YES;
				CLANG_WARN_CONSTANT_CONVERSION = YES;
				CLANG_WARN_DIRECT_OBJC_ISA_USAGE = YES_ERROR;
				CLANG_WARN_EMPTY_BODY = YES;
				CLANG_WARN_ENUM_CONVERSION = YES;
				CLANG_WARN_INT_CONVERSION = YES;
				CLANG_WARN_OBJC_ROOT_CLASS = YES_ERROR;
				CLANG_WARN_UNREACHABLE_CODE = YES;
				CLANG_WARN__DUPLICATE_METHOD_MATCH = YES;
				"CODE_SIGN_IDENTITY[sdk=iphoneos*]" = "iPhone Developer";
				COPY_PHASE_STRIP = NO;
				DEBUG_INFORMATION_FORMAT = dwarf;
				ENABLE_STRICT_OBJC_MSGSEND = YES;
				GCC_C_LANGUAGE_STANDARD = gnu99;
				GCC_DYNAMIC_NO_PIC = NO;
				GCC_OPTIMIZATION_LEVEL = 0;
				GCC_PREPROCESSOR_DEFINITIONS = (
					"DEBUG=1",
					"$(inherited)",
				);
				GCC_SYMBOLS_PRIVATE_EXTERN = NO;
				GCC_WARN_64_TO_32_BIT_CONVERSION = YES;
				GCC_WARN_ABOUT_RETURN_TYPE = YES_ERROR;
				GCC_WARN_UNDECLARED_SELECTOR = YES;
				GCC_WARN_UNINITIALIZED_AUTOS = YES_AGGRESSIVE;
				GCC_WARN_UNUSED_FUNCTION = YES;
				GCC_WARN_UNUSED_VARIABLE = YES;
				IPHONEOS_DEPLOYMENT_TARGET = 8.3;
				MTL_ENABLE_DEBUG_INFO = YES;
				ONLY_ACTIVE_ARCH = YES;
				SDKROOT = iphoneos;
				SWIFT_OPTIMIZATION_LEVEL = "-Onone";
				TARGETED_DEVICE_FAMILY = "1,2";
			};
			name = Debug;
		};
		A23DCC781A91C760006F34D2 /* Release */ = {
			isa = XCBuildConfiguration;
			buildSettings = {
				ALWAYS_SEARCH_USER_PATHS = NO;
				CLANG_CXX_LANGUAGE_STANDARD = "gnu++0x";
				CLANG_CXX_LIBRARY = "libc++";
				CLANG_ENABLE_MODULES = YES;
				CLANG_ENABLE_OBJC_ARC = YES;
				CLANG_WARN_BOOL_CONVERSION = YES;
				CLANG_WARN_CONSTANT_CONVERSION = YES;
				CLANG_WARN_DIRECT_OBJC_ISA_USAGE = YES_ERROR;
				CLANG_WARN_EMPTY_BODY = YES;
				CLANG_WARN_ENUM_CONVERSION = YES;
				CLANG_WARN_INT_CONVERSION = YES;
				CLANG_WARN_OBJC_ROOT_CLASS = YES_ERROR;
				CLANG_WARN_UNREACHABLE_CODE = YES;
				CLANG_WARN__DUPLICATE_METHOD_MATCH = YES;
				"CODE_SIGN_IDENTITY[sdk=iphoneos*]" = "iPhone Developer";
				COPY_PHASE_STRIP = NO;
				DEBUG_INFORMATION_FORMAT = "dwarf-with-dsym";
				ENABLE_NS_ASSERTIONS = NO;
				ENABLE_STRICT_OBJC_MSGSEND = YES;
				GCC_C_LANGUAGE_STANDARD = gnu99;
				GCC_WARN_64_TO_32_BIT_CONVERSION = YES;
				GCC_WARN_ABOUT_RETURN_TYPE = YES_ERROR;
				GCC_WARN_UNDECLARED_SELECTOR = YES;
				GCC_WARN_UNINITIALIZED_AUTOS = YES_AGGRESSIVE;
				GCC_WARN_UNUSED_FUNCTION = YES;
				GCC_WARN_UNUSED_VARIABLE = YES;
				IPHONEOS_DEPLOYMENT_TARGET = 8.3;
				MTL_ENABLE_DEBUG_INFO = NO;
				SDKROOT = iphoneos;
				TARGETED_DEVICE_FAMILY = "1,2";
				VALIDATE_PRODUCT = YES;
			};
			name = Release;
		};
		A23DCC7A1A91C760006F34D2 /* Debug */ = {
			isa = XCBuildConfiguration;
			buildSettings = {
				ASSETCATALOG_COMPILER_APPICON_NAME = AppIcon;
				INFOPLIST_FILE = HappyFace3/Info.plist;
				LD_RUNPATH_SEARCH_PATHS = "$(inherited) @executable_path/Frameworks";
				PRODUCT_NAME = "$(TARGET_NAME)";
			};
			name = Debug;
		};
		A23DCC7B1A91C760006F34D2 /* Release */ = {
			isa = XCBuildConfiguration;
			buildSettings = {
				ASSETCATALOG_COMPILER_APPICON_NAME = AppIcon;
				INFOPLIST_FILE = HappyFace3/Info.plist;
				LD_RUNPATH_SEARCH_PATHS = "$(inherited) @executable_path/Frameworks";
				PRODUCT_NAME = "$(TARGET_NAME)";
			};
			name = Release;
		};
		A23DCC7D1A91C760006F34D2 /* Debug */ = {
			isa = XCBuildConfiguration;
			buildSettings = {
				BUNDLE_LOADER = "$(TEST_HOST)";
				FRAMEWORK_SEARCH_PATHS = (
					"$(SDKROOT)/Developer/Library/Frameworks",
					"$(inherited)",
				);
				GCC_PREPROCESSOR_DEFINITIONS = (
					"DEBUG=1",
					"$(inherited)",
				);
				INFOPLIST_FILE = HappyFace3Tests/Info.plist;
				LD_RUNPATH_SEARCH_PATHS = "$(inherited) @executable_path/Frameworks @loader_path/Frameworks";
				PRODUCT_NAME = "$(TARGET_NAME)";
				TEST_HOST = "$(BUILT_PRODUCTS_DIR)/HappyFace3.app/HappyFace3";
			};
			name = Debug;
		};
		A23DCC7E1A91C760006F34D2 /* Release */ = {
			isa = XCBuildConfiguration;
			buildSettings = {
				BUNDLE_LOADER = "$(TEST_HOST)";
				FRAMEWORK_SEARCH_PATHS = (
					"$(SDKROOT)/Developer/Library/Frameworks",
					"$(inherited)",
				);
				INFOPLIST_FILE = HappyFace3Tests/Info.plist;
				LD_RUNPATH_SEARCH_PATHS = "$(inherited) @executable_path/Frameworks @loader_path/Frameworks";
				PRODUCT_NAME = "$(TARGET_NAME)";
				TEST_HOST = "$(BUILT_PRODUCTS_DIR)/HappyFace3.app/HappyFace3";
			};
			name = Release;
		};
/* End XCBuildConfiguration section */

/* Begin XCConfigurationList section */
		A23DCC551A91C760006F34D2 /* Build configuration list for PBXProject "HappyFace3" */ = {
			isa = XCConfigurationList;
			buildConfigurations = (
				A23DCC771A91C760006F34D2 /* Debug */,
				A23DCC781A91C760006F34D2 /* Release */,
			);
			defaultConfigurationIsVisible = 0;
			defaultConfigurationName = Release;
		};
		A23DCC791A91C760006F34D2 /* Build configuration list for PBXNativeTarget "HappyFace3" */ = {
			isa = XCConfigurationList;
			buildConfigurations = (
				A23DCC7A1A91C760006F34D2 /* Debug */,
				A23DCC7B1A91C760006F34D2 /* Release */,
			);
			defaultConfigurationIsVisible = 0;
		};
		A23DCC7C1A91C760006F34D2 /* Build configuration list for PBXNativeTarget "HappyFace3Tests" */ = {
			isa = XCConfigurationList;
			buildConfigurations = (
				A23DCC7D1A91C760006F34D2 /* Debug */,
				A23DCC7E1A91C760006F34D2 /* Release */,
			);
			defaultConfigurationIsVisible = 0;
		};
/* End XCConfigurationList section */
	};
	rootObject = A23DCC521A91C760006F34D2 /* Project object */;
}
